
Microsoft Visual Studio Solution File, Format Version 12.00
# Visual Studio Version 16
VisualStudioVersion = 16.0.32126.315
MinimumVisualStudioVersion = 10.0.40219.1
Project("{9A19103F-16F7-4668-BE54-9A1E7A4F7556}") = "eCommerce.WebApp", "eCommerce\eCommerce.WebApp.csproj", "{9B6805E7-8D1E-4128-8E47-E4C1F2DFEDB4}"
	ProjectSection(ProjectDependencies) = postProject
		{686C1B39-6965-458E-9B02-5E4204BEC86F} = {686C1B39-6965-458E-9B02-5E4204BEC86F}
		{39058870-4F60-401C-B939-980C3E60C6B9} = {39058870-4F60-401C-B939-980C3E60C6B9}
		{83502388-A54F-48D0-B79D-2F5D72CF0767} = {83502388-A54F-48D0-B79D-2F5D72CF0767}
	EndProjectSection
EndProject
Project("{9A19103F-16F7-4668-BE54-9A1E7A4F7556}") = "eCommerce.Data", "eCommerce.Data\eCommerce.Data.csproj", "{39058870-4F60-401C-B939-980C3E60C6B9}"
EndProject
Project("{9A19103F-16F7-4668-BE54-9A1E7A4F7556}") = "eCommerce.Application", "eCommerce.Application\eCommerce.Application.csproj", "{83502388-A54F-48D0-B79D-2F5D72CF0767}"
EndProject
Project("{2150E333-8FDC-42A3-9474-1A3956D46DE8}") = "0. Solution Items", "0. Solution Items", "{9DC5D560-53C6-4B9A-BAB9-3B45CB43A9F3}"
	ProjectSection(SolutionItems) = preProject
		README.md = README.md
	EndProjectSection
EndProject
Project("{9A19103F-16F7-4668-BE54-9A1E7A4F7556}") = "eCommerce.Utilities", "eCommerce.Utilities\eCommerce.Utilities.csproj", "{CB83CF6F-9BE6-460A-8C29-F94C6723A814}"
EndProject
Project("{9A19103F-16F7-4668-BE54-9A1E7A4F7556}") = "eCommerce.ViewModels", "eCommerce.ViewModels\eCommerce.ViewModels.csproj", "{686C1B39-6965-458E-9B02-5E4204BEC86F}"
EndProject
Project("{9A19103F-16F7-4668-BE54-9A1E7A4F7556}") = "eCommerce.BackendAPI", "eCommerce.BackendAPI\eCommerce.BackendAPI.csproj", "{D74FC9DC-DF23-445B-B62C-751D44154F5E}"
EndProject
Project("{2150E333-8FDC-42A3-9474-1A3956D46DE8}") = "1. Infrastructure", "1. Infrastructure", "{072C12E2-38DB-4A38-9947-712246286A82}"
EndProject
Project("{2150E333-8FDC-42A3-9474-1A3956D46DE8}") = "2. Domain", "2. Domain", "{F03DC959-E895-46F6-AE9A-C4F287185E20}"
EndProject
Project("{2150E333-8FDC-42A3-9474-1A3956D46DE8}") = "3. Host", "3. Host", "{D69BB555-BFEF-4CEA-AFE4-949290450F87}"
EndProject
Project("{FAE04EC0-301F-11D3-BF4B-00C04F79EFBC}") = "eCommerce.ApiItegration", "eCommerce.ApiItegration\eCommerce.ApiItegration.csproj", "{07F2DA3E-BF87-4CC9-9C9B-D41D03013220}"
EndProject
Global
	GlobalSection(SolutionConfigurationPlatforms) = preSolution
		Debug|Any CPU = Debug|Any CPU
		Release|Any CPU = Release|Any CPU
	EndGlobalSection
	GlobalSection(ProjectConfigurationPlatforms) = postSolution
		{9B6805E7-8D1E-4128-8E47-E4C1F2DFEDB4}.Debug|Any CPU.ActiveCfg = Debug|Any CPU
		{9B6805E7-8D1E-4128-8E47-E4C1F2DFEDB4}.Debug|Any CPU.Build.0 = Debug|Any CPU
		{9B6805E7-8D1E-4128-8E47-E4C1F2DFEDB4}.Release|Any CPU.ActiveCfg = Release|Any CPU
		{9B6805E7-8D1E-4128-8E47-E4C1F2DFEDB4}.Release|Any CPU.Build.0 = Release|Any CPU
		{39058870-4F60-401C-B939-980C3E60C6B9}.Debug|Any CPU.ActiveCfg = Debug|Any CPU
		{39058870-4F60-401C-B939-980C3E60C6B9}.Debug|Any CPU.Build.0 = Debug|Any CPU
		{39058870-4F60-401C-B939-980C3E60C6B9}.Release|Any CPU.ActiveCfg = Release|Any CPU
		{39058870-4F60-401C-B939-980C3E60C6B9}.Release|Any CPU.Build.0 = Release|Any CPU
		{83502388-A54F-48D0-B79D-2F5D72CF0767}.Debug|Any CPU.ActiveCfg = Debug|Any CPU
		{83502388-A54F-48D0-B79D-2F5D72CF0767}.Debug|Any CPU.Build.0 = Debug|Any CPU
		{83502388-A54F-48D0-B79D-2F5D72CF0767}.Release|Any CPU.ActiveCfg = Release|Any CPU
		{83502388-A54F-48D0-B79D-2F5D72CF0767}.Release|Any CPU.Build.0 = Release|Any CPU
		{CB83CF6F-9BE6-460A-8C29-F94C6723A814}.Debug|Any CPU.ActiveCfg = Debug|Any CPU
		{CB83CF6F-9BE6-460A-8C29-F94C6723A814}.Debug|Any CPU.Build.0 = Debug|Any CPU
		{CB83CF6F-9BE6-460A-8C29-F94C6723A814}.Release|Any CPU.ActiveCfg = Release|Any CPU
		{CB83CF6F-9BE6-460A-8C29-F94C6723A814}.Release|Any CPU.Build.0 = Release|Any CPU
		{686C1B39-6965-458E-9B02-5E4204BEC86F}.Debug|Any CPU.ActiveCfg = Debug|Any CPU
		{686C1B39-6965-458E-9B02-5E4204BEC86F}.Debug|Any CPU.Build.0 = Debug|Any CPU
		{686C1B39-6965-458E-9B02-5E4204BEC86F}.Release|Any CPU.ActiveCfg = Release|Any CPU
		{686C1B39-6965-458E-9B02-5E4204BEC86F}.Release|Any CPU.Build.0 = Release|Any CPU
		{D74FC9DC-DF23-445B-B62C-751D44154F5E}.Debug|Any CPU.ActiveCfg = Debug|Any CPU
		{D74FC9DC-DF23-445B-B62C-751D44154F5E}.Debug|Any CPU.Build.0 = Debug|Any CPU
		{D74FC9DC-DF23-445B-B62C-751D44154F5E}.Release|Any CPU.ActiveCfg = Release|Any CPU
		{D74FC9DC-DF23-445B-B62C-751D44154F5E}.Release|Any CPU.Build.0 = Release|Any CPU
		{07F2DA3E-BF87-4CC9-9C9B-D41D03013220}.Debug|Any CPU.ActiveCfg = Debug|Any CPU
		{07F2DA3E-BF87-4CC9-9C9B-D41D03013220}.Debug|Any CPU.Build.0 = Debug|Any CPU
		{07F2DA3E-BF87-4CC9-9C9B-D41D03013220}.Release|Any CPU.ActiveCfg = Release|Any CPU
		{07F2DA3E-BF87-4CC9-9C9B-D41D03013220}.Release|Any CPU.Build.0 = Release|Any CPU
	EndGlobalSection
	GlobalSection(SolutionProperties) = preSolution
		HideSolutionNode = FALSE
	EndGlobalSection
	GlobalSection(NestedProjects) = preSolution
		{9B6805E7-8D1E-4128-8E47-E4C1F2DFEDB4} = {D69BB555-BFEF-4CEA-AFE4-949290450F87}
		{39058870-4F60-401C-B939-980C3E60C6B9} = {F03DC959-E895-46F6-AE9A-C4F287185E20}
		{83502388-A54F-48D0-B79D-2F5D72CF0767} = {F03DC959-E895-46F6-AE9A-C4F287185E20}
		{CB83CF6F-9BE6-460A-8C29-F94C6723A814} = {072C12E2-38DB-4A38-9947-712246286A82}
		{686C1B39-6965-458E-9B02-5E4204BEC86F} = {072C12E2-38DB-4A38-9947-712246286A82}
		{D74FC9DC-DF23-445B-B62C-751D44154F5E} = {D69BB555-BFEF-4CEA-AFE4-949290450F87}
		{07F2DA3E-BF87-4CC9-9C9B-D41D03013220} = {D69BB555-BFEF-4CEA-AFE4-949290450F87}
	EndGlobalSection
	GlobalSection(ExtensibilityGlobals) = postSolution
		SolutionGuid = {CE123DC8-FA30-445F-B578-4C08E4E808B2}
	EndGlobalSection
EndGlobal
